
Microsoft Visual Studio Solution File, Format Version 12.00
# Visual Studio Version 16
VisualStudioVersion = 16.0.29318.209
MinimumVisualStudioVersion = 10.0.40219.1
Project("{FAE04EC0-301F-11D3-BF4B-00C04F79EFBC}") = "K180211_Q3", "K180211_Q3\K180211_Q3.csproj", "{1B635793-686C-41FC-A3CD-4BE2EDF29E43}"
EndProject
Global
	GlobalSection(SolutionConfigurationPlatforms) = preSolution
		Debug|Any CPU = Debug|Any CPU
		Release|Any CPU = Release|Any CPU
	EndGlobalSection
	GlobalSection(ProjectConfigurationPlatforms) = postSolution
		{1B635793-686C-41FC-A3CD-4BE2EDF29E43}.Debug|Any CPU.ActiveCfg = Debug|Any CPU
		{1B635793-686C-41FC-A3CD-4BE2EDF29E43}.Debug|Any CPU.Build.0 = Debug|Any CPU
		{1B635793-686C-41FC-A3CD-4BE2EDF29E43}.Release|Any CPU.ActiveCfg = Release|Any CPU
		{1B635793-686C-41FC-A3CD-4BE2EDF29E43}.Release|Any CPU.Build.0 = Release|Any CPU
	EndGlobalSection
	GlobalSection(SolutionProperties) = preSolution
		HideSolutionNode = FALSE
	EndGlobalSection
	GlobalSection(ExtensibilityGlobals) = postSolution
		SolutionGuid = {FAC4EA9D-C196-4E8F-903A-D18580093F1A}
	EndGlobalSection
EndGlobal
